
Microsoft Visual Studio Solution File, Format Version 12.00
# Visual Studio Version 17
VisualStudioVersion = 17.0.31903.59
MinimumVisualStudioVersion = 10.0.40219.1
Project("{FAE04EC0-301F-11D3-BF4B-00C04F79EFBC}") = "Tyuiu.MitinNV.Sprint2.Task0.V12.Lib", "Tyuiu.MitinNV.Sprint2.Task0.V12.Lib\Tyuiu.MitinNV.Sprint2.Task0.V12.Lib.csproj", "{6A7C90C9-1F09-4A7B-9BE0-E15B2B23011D}"
EndProject
Project("{FAE04EC0-301F-11D3-BF4B-00C04F79EFBC}") = "Tyuiu.MitinNV.Sprint2.Task0.V12", "Tyuiu.MitinNV.Sprint2.Task0.V12\Tyuiu.MitinNV.Sprint2.Task0.V12.csproj", "{92897DA6-AA2C-41A6-AB92-9C82BD35EF89}"
EndProject
Project("{FAE04EC0-301F-11D3-BF4B-00C04F79EFBC}") = "Tyuiu.MitinNV.Sprint2.Task0.V12.Test", "Tyuiu.MitinNV.Sprint2.Task0.V12.Test\Tyuiu.MitinNV.Sprint2.Task0.V12.Test.csproj", "{2BB8D7CC-ADA5-4E18-A9A0-C6A0589F188E}"
EndProject
Project("{FAE04EC0-301F-11D3-BF4B-00C04F79EFBC}") = "Tyuiu.MitinNV.Sprint2.Task1.V20.Lib", "Tyuiu.MitinNV.Sprint2.Task1.V20.Lib\Tyuiu.MitinNV.Sprint2.Task1.V20.Lib.csproj", "{879C7400-A514-4E53-B1BA-1A82A5437DAC}"
EndProject
Project("{FAE04EC0-301F-11D3-BF4B-00C04F79EFBC}") = "Tyuiu.MitinNV.Sprint2.Task1.V20", "Tyuiu.MitinNV.Sprint2.Task1.V20\Tyuiu.MitinNV.Sprint2.Task1.V20.csproj", "{A1E1B41A-4540-484D-A6E6-C2FF42CC417C}"
EndProject
Project("{FAE04EC0-301F-11D3-BF4B-00C04F79EFBC}") = "Tyuiu.MitinNV.Sprint2.Task1.V20.Test", "Tyuiu.MitinNV.Sprint2.Task1.V20.Test\Tyuiu.MitinNV.Sprint2.Task1.V20.Test.csproj", "{9F42CDD4-437A-451E-BEA2-FF9C21B28F2F}"
EndProject
Global
	GlobalSection(SolutionConfigurationPlatforms) = preSolution
		Debug|Any CPU = Debug|Any CPU
		Release|Any CPU = Release|Any CPU
	EndGlobalSection
	GlobalSection(SolutionProperties) = preSolution
		HideSolutionNode = FALSE
	EndGlobalSection
	GlobalSection(ProjectConfigurationPlatforms) = postSolution
		{6A7C90C9-1F09-4A7B-9BE0-E15B2B23011D}.Debug|Any CPU.ActiveCfg = Debug|Any CPU
		{6A7C90C9-1F09-4A7B-9BE0-E15B2B23011D}.Debug|Any CPU.Build.0 = Debug|Any CPU
		{6A7C90C9-1F09-4A7B-9BE0-E15B2B23011D}.Release|Any CPU.ActiveCfg = Release|Any CPU
		{6A7C90C9-1F09-4A7B-9BE0-E15B2B23011D}.Release|Any CPU.Build.0 = Release|Any CPU
		{92897DA6-AA2C-41A6-AB92-9C82BD35EF89}.Debug|Any CPU.ActiveCfg = Debug|Any CPU
		{92897DA6-AA2C-41A6-AB92-9C82BD35EF89}.Debug|Any CPU.Build.0 = Debug|Any CPU
		{92897DA6-AA2C-41A6-AB92-9C82BD35EF89}.Release|Any CPU.ActiveCfg = Release|Any CPU
		{92897DA6-AA2C-41A6-AB92-9C82BD35EF89}.Release|Any CPU.Build.0 = Release|Any CPU
		{2BB8D7CC-ADA5-4E18-A9A0-C6A0589F188E}.Debug|Any CPU.ActiveCfg = Debug|Any CPU
		{2BB8D7CC-ADA5-4E18-A9A0-C6A0589F188E}.Debug|Any CPU.Build.0 = Debug|Any CPU
		{2BB8D7CC-ADA5-4E18-A9A0-C6A0589F188E}.Release|Any CPU.ActiveCfg = Release|Any CPU
		{2BB8D7CC-ADA5-4E18-A9A0-C6A0589F188E}.Release|Any CPU.Build.0 = Release|Any CPU
		{879C7400-A514-4E53-B1BA-1A82A5437DAC}.Debug|Any CPU.ActiveCfg = Debug|Any CPU
		{879C7400-A514-4E53-B1BA-1A82A5437DAC}.Debug|Any CPU.Build.0 = Debug|Any CPU
		{879C7400-A514-4E53-B1BA-1A82A5437DAC}.Release|Any CPU.ActiveCfg = Release|Any CPU
		{879C7400-A514-4E53-B1BA-1A82A5437DAC}.Release|Any CPU.Build.0 = Release|Any CPU
		{A1E1B41A-4540-484D-A6E6-C2FF42CC417C}.Debug|Any CPU.ActiveCfg = Debug|Any CPU
		{A1E1B41A-4540-484D-A6E6-C2FF42CC417C}.Debug|Any CPU.Build.0 = Debug|Any CPU
		{A1E1B41A-4540-484D-A6E6-C2FF42CC417C}.Release|Any CPU.ActiveCfg = Release|Any CPU
		{A1E1B41A-4540-484D-A6E6-C2FF42CC417C}.Release|Any CPU.Build.0 = Release|Any CPU
		{9F42CDD4-437A-451E-BEA2-FF9C21B28F2F}.Debug|Any CPU.ActiveCfg = Debug|Any CPU
		{9F42CDD4-437A-451E-BEA2-FF9C21B28F2F}.Debug|Any CPU.Build.0 = Debug|Any CPU
		{9F42CDD4-437A-451E-BEA2-FF9C21B28F2F}.Release|Any CPU.ActiveCfg = Release|Any CPU
		{9F42CDD4-437A-451E-BEA2-FF9C21B28F2F}.Release|Any CPU.Build.0 = Release|Any CPU
	EndGlobalSection
EndGlobal
